// !$*UTF8*$!
{
	archiveVersion = 1;
	classes = {
	};
	objectVersion = 55;
	objects = {

/* Begin PBXBuildFile section */
		D6468055277274990027680B /* UpdateList.swift in Sources */ = {isa = PBXBuildFile; fileRef = D6468054277274990027680B /* UpdateList.swift */; };
		D646805A277289FC0027680B /* UpdateDetail.swift in Sources */ = {isa = PBXBuildFile; fileRef = D6468059277289FC0027680B /* UpdateDetail.swift */; };
		D65233222769027F00421E34 /* MenuView.swift in Sources */ = {isa = PBXBuildFile; fileRef = D65233212769027F00421E34 /* MenuView.swift */; };
		D652332427694A7C00421E34 /* Home.swift in Sources */ = {isa = PBXBuildFile; fileRef = D652332327694A7C00421E34 /* Home.swift */; };
		D6523326276A89C000421E34 /* HomeView.swift in Sources */ = {isa = PBXBuildFile; fileRef = D6523325276A89C000421E34 /* HomeView.swift */; };
		D6C8FE4927624AC000BF2405 /* DesginCodeApp.swift in Sources */ = {isa = PBXBuildFile; fileRef = D6C8FE4827624AC000BF2405 /* DesginCodeApp.swift */; };
		D6C8FE4B27624AC000BF2405 /* ContentView.swift in Sources */ = {isa = PBXBuildFile; fileRef = D6C8FE4A27624AC000BF2405 /* ContentView.swift */; };
		D6C8FE4D27624AC200BF2405 /* Assets.xcassets in Resources */ = {isa = PBXBuildFile; fileRef = D6C8FE4C27624AC200BF2405 /* Assets.xcassets */; };
		D6C8FE5027624AC200BF2405 /* Preview Assets.xcassets in Resources */ = {isa = PBXBuildFile; fileRef = D6C8FE4F27624AC200BF2405 /* Preview Assets.xcassets */; };
		D6C8FE5A27624AC200BF2405 /* DesginCodeTests.swift in Sources */ = {isa = PBXBuildFile; fileRef = D6C8FE5927624AC200BF2405 /* DesginCodeTests.swift */; };
		D6C8FE6427624AC200BF2405 /* DesginCodeUITests.swift in Sources */ = {isa = PBXBuildFile; fileRef = D6C8FE6327624AC200BF2405 /* DesginCodeUITests.swift */; };
		D6C8FE6627624AC200BF2405 /* DesginCodeUITestsLaunchTests.swift in Sources */ = {isa = PBXBuildFile; fileRef = D6C8FE6527624AC200BF2405 /* DesginCodeUITestsLaunchTests.swift */; };
/* End PBXBuildFile section */

/* Begin PBXContainerItemProxy section */
		D6C8FE5627624AC200BF2405 /* PBXContainerItemProxy */ = {
			isa = PBXContainerItemProxy;
			containerPortal = D6C8FE3D27624AC000BF2405 /* Project object */;
			proxyType = 1;
			remoteGlobalIDString = D6C8FE4427624AC000BF2405;
			remoteInfo = DesginCode;
		};
		D6C8FE6027624AC200BF2405 /* PBXContainerItemProxy */ = {
			isa = PBXContainerItemProxy;
			containerPortal = D6C8FE3D27624AC000BF2405 /* Project object */;
			proxyType = 1;
			remoteGlobalIDString = D6C8FE4427624AC000BF2405;
			remoteInfo = DesginCode;
		};
/* End PBXContainerItemProxy section */

/* Begin PBXFileReference section */
		D6468054277274990027680B /* UpdateList.swift */ = {isa = PBXFileReference; lastKnownFileType = sourcecode.swift; path = UpdateList.swift; sourceTree = "<group>"; };
		D6468059277289FC0027680B /* UpdateDetail.swift */ = {isa = PBXFileReference; lastKnownFileType = sourcecode.swift; path = UpdateDetail.swift; sourceTree = "<group>"; };
		D65233212769027F00421E34 /* MenuView.swift */ = {isa = PBXFileReference; lastKnownFileType = sourcecode.swift; path = MenuView.swift; sourceTree = "<group>"; };
		D652332327694A7C00421E34 /* Home.swift */ = {isa = PBXFileReference; lastKnownFileType = sourcecode.swift; path = Home.swift; sourceTree = "<group>"; };
		D6523325276A89C000421E34 /* HomeView.swift */ = {isa = PBXFileReference; lastKnownFileType = sourcecode.swift; path = HomeView.swift; sourceTree = "<group>"; };
		D6C8FE4527624AC000BF2405 /* DesginCode.app */ = {isa = PBXFileReference; explicitFileType = wrapper.application; includeInIndex = 0; path = DesginCode.app; sourceTree = BUILT_PRODUCTS_DIR; };
		D6C8FE4827624AC000BF2405 /* DesginCodeApp.swift */ = {isa = PBXFileReference; lastKnownFileType = sourcecode.swift; path = DesginCodeApp.swift; sourceTree = "<group>"; };
		D6C8FE4A27624AC000BF2405 /* ContentView.swift */ = {isa = PBXFileReference; lastKnownFileType = sourcecode.swift; path = ContentView.swift; sourceTree = "<group>"; };
		D6C8FE4C27624AC200BF2405 /* Assets.xcassets */ = {isa = PBXFileReference; lastKnownFileType = folder.assetcatalog; path = Assets.xcassets; sourceTree = "<group>"; };
		D6C8FE4F27624AC200BF2405 /* Preview Assets.xcassets */ = {isa = PBXFileReference; lastKnownFileType = folder.assetcatalog; path = "Preview Assets.xcassets"; sourceTree = "<group>"; };
		D6C8FE5527624AC200BF2405 /* DesginCodeTests.xctest */ = {isa = PBXFileReference; explicitFileType = wrapper.cfbundle; includeInIndex = 0; path = DesginCodeTests.xctest; sourceTree = BUILT_PRODUCTS_DIR; };
		D6C8FE5927624AC200BF2405 /* DesginCodeTests.swift */ = {isa = PBXFileReference; lastKnownFileType = sourcecode.swift; path = DesginCodeTests.swift; sourceTree = "<group>"; };
		D6C8FE5F27624AC200BF2405 /* DesginCodeUITests.xctest */ = {isa = PBXFileReference; explicitFileType = wrapper.cfbundle; includeInIndex = 0; path = DesginCodeUITests.xctest; sourceTree = BUILT_PRODUCTS_DIR; };
		D6C8FE6327624AC200BF2405 /* DesginCodeUITests.swift */ = {isa = PBXFileReference; lastKnownFileType = sourcecode.swift; path = DesginCodeUITests.swift; sourceTree = "<group>"; };
		D6C8FE6527624AC200BF2405 /* DesginCodeUITestsLaunchTests.swift */ = {isa = PBXFileReference; lastKnownFileType = sourcecode.swift; path = DesginCodeUITestsLaunchTests.swift; sourceTree = "<group>"; };
/* End PBXFileReference section */

/* Begin PBXFrameworksBuildPhase section */
		D6C8FE4227624AC000BF2405 /* Frameworks */ = {
			isa = PBXFrameworksBuildPhase;
			buildActionMask = 2147483647;
			files = (
			);
			runOnlyForDeploymentPostprocessing = 0;
		};
		D6C8FE5227624AC200BF2405 /* Frameworks */ = {
			isa = PBXFrameworksBuildPhase;
			buildActionMask = 2147483647;
			files = (
			);
			runOnlyForDeploymentPostprocessing = 0;
		};
		D6C8FE5C27624AC200BF2405 /* Frameworks */ = {
			isa = PBXFrameworksBuildPhase;
			buildActionMask = 2147483647;
			files = (
			);
			runOnlyForDeploymentPostprocessing = 0;
		};
/* End PBXFrameworksBuildPhase section */

/* Begin PBXGroup section */
		D6C8FE3C27624AC000BF2405 = {
			isa = PBXGroup;
			children = (
				D6C8FE4727624AC000BF2405 /* DesginCode */,
				D6C8FE5827624AC200BF2405 /* DesginCodeTests */,
				D6C8FE6227624AC200BF2405 /* DesginCodeUITests */,
				D6C8FE4627624AC000BF2405 /* Products */,
			);
			sourceTree = "<group>";
		};
		D6C8FE4627624AC000BF2405 /* Products */ = {
			isa = PBXGroup;
			children = (
				D6C8FE4527624AC000BF2405 /* DesginCode.app */,
				D6C8FE5527624AC200BF2405 /* DesginCodeTests.xctest */,
				D6C8FE5F27624AC200BF2405 /* DesginCodeUITests.xctest */,
			);
			name = Products;
			sourceTree = "<group>";
		};
		D6C8FE4727624AC000BF2405 /* DesginCode */ = {
			isa = PBXGroup;
			children = (
				D6C8FE4827624AC000BF2405 /* DesginCodeApp.swift */,
				D6C8FE4A27624AC000BF2405 /* ContentView.swift */,
				D65233212769027F00421E34 /* MenuView.swift */,
				D652332327694A7C00421E34 /* Home.swift */,
				D6523325276A89C000421E34 /* HomeView.swift */,
				D6468054277274990027680B /* UpdateList.swift */,
				D6468059277289FC0027680B /* UpdateDetail.swift */,
				D6C8FE4C27624AC200BF2405 /* Assets.xcassets */,
				D6C8FE4E27624AC200BF2405 /* Preview Content */,
			);
			path = DesginCode;
			sourceTree = "<group>";
		};
		D6C8FE4E27624AC200BF2405 /* Preview Content */ = {
			isa = PBXGroup;
			children = (
				D6C8FE4F27624AC200BF2405 /* Preview Assets.xcassets */,
			);
			path = "Preview Content";
			sourceTree = "<group>";
		};
		D6C8FE5827624AC200BF2405 /* DesginCodeTests */ = {
			isa = PBXGroup;
			children = (
				D6C8FE5927624AC200BF2405 /* DesginCodeTests.swift */,
			);
			path = DesginCodeTests;
			sourceTree = "<group>";
		};
		D6C8FE6227624AC200BF2405 /* DesginCodeUITests */ = {
			isa = PBXGroup;
			children = (
				D6C8FE6327624AC200BF2405 /* DesginCodeUITests.swift */,
				D6C8FE6527624AC200BF2405 /* DesginCodeUITestsLaunchTests.swift */,
			);
			path = DesginCodeUITests;
			sourceTree = "<group>";
		};
/* End PBXGroup section */

/* Begin PBXNativeTarget section */
		D6C8FE4427624AC000BF2405 /* DesginCode */ = {
			isa = PBXNativeTarget;
			buildConfigurationList = D6C8FE6927624AC200BF2405 /* Build configuration list for PBXNativeTarget "DesginCode" */;
			buildPhases = (
				D6C8FE4127624AC000BF2405 /* Sources */,
				D6C8FE4227624AC000BF2405 /* Frameworks */,
				D6C8FE4327624AC000BF2405 /* Resources */,
			);
			buildRules = (
			);
			dependencies = (
			);
			name = DesginCode;
			productName = DesginCode;
			productReference = D6C8FE4527624AC000BF2405 /* DesginCode.app */;
			productType = "com.apple.product-type.application";
		};
		D6C8FE5427624AC200BF2405 /* DesginCodeTests */ = {
			isa = PBXNativeTarget;
			buildConfigurationList = D6C8FE6C27624AC200BF2405 /* Build configuration list for PBXNativeTarget "DesginCodeTests" */;
			buildPhases = (
				D6C8FE5127624AC200BF2405 /* Sources */,
				D6C8FE5227624AC200BF2405 /* Frameworks */,
				D6C8FE5327624AC200BF2405 /* Resources */,
			);
			buildRules = (
			);
			dependencies = (
				D6C8FE5727624AC200BF2405 /* PBXTargetDependency */,
			);
			name = DesginCodeTests;
			productName = DesginCodeTests;
			productReference = D6C8FE5527624AC200BF2405 /* DesginCodeTests.xctest */;
			productType = "com.apple.product-type.bundle.unit-test";
		};
		D6C8FE5E27624AC200BF2405 /* DesginCodeUITests */ = {
			isa = PBXNativeTarget;
			buildConfigurationList = D6C8FE6F27624AC200BF2405 /* Build configuration list for PBXNativeTarget "DesginCodeUITests" */;
			buildPhases = (
				D6C8FE5B27624AC200BF2405 /* Sources */,
				D6C8FE5C27624AC200BF2405 /* Frameworks */,
				D6C8FE5D27624AC200BF2405 /* Resources */,
			);
			buildRules = (
			);
			dependencies = (
				D6C8FE6127624AC200BF2405 /* PBXTargetDependency */,
			);
			name = DesginCodeUITests;
			productName = DesginCodeUITests;
			productReference = D6C8FE5F27624AC200BF2405 /* DesginCodeUITests.xctest */;
			productType = "com.apple.product-type.bundle.ui-testing";
		};
/* End PBXNativeTarget section */

/* Begin PBXProject section */
		D6C8FE3D27624AC000BF2405 /* Project object */ = {
			isa = PBXProject;
			attributes = {
				BuildIndependentTargetsInParallel = 1;
				LastSwiftUpdateCheck = 1310;
				LastUpgradeCheck = 1310;
				TargetAttributes = {
					D6C8FE4427624AC000BF2405 = {
						CreatedOnToolsVersion = 13.1;
					};
					D6C8FE5427624AC200BF2405 = {
						CreatedOnToolsVersion = 13.1;
						TestTargetID = D6C8FE4427624AC000BF2405;
					};
					D6C8FE5E27624AC200BF2405 = {
						CreatedOnToolsVersion = 13.1;
						TestTargetID = D6C8FE4427624AC000BF2405;
					};
				};
			};
			buildConfigurationList = D6C8FE4027624AC000BF2405 /* Build configuration list for PBXProject "DesginCode" */;
			compatibilityVersion = "Xcode 13.0";
			developmentRegion = en;
			hasScannedForEncodings = 0;
			knownRegions = (
				en,
				Base,
			);
			mainGroup = D6C8FE3C27624AC000BF2405;
			productRefGroup = D6C8FE4627624AC000BF2405 /* Products */;
			projectDirPath = "";
			projectRoot = "";
			targets = (
				D6C8FE4427624AC000BF2405 /* DesginCode */,
				D6C8FE5427624AC200BF2405 /* DesginCodeTests */,
				D6C8FE5E27624AC200BF2405 /* DesginCodeUITests */,
			);
		};
/* End PBXProject section */

/* Begin PBXResourcesBuildPhase section */
		D6C8FE4327624AC000BF2405 /* Resources */ = {
			isa = PBXResourcesBuildPhase;
			buildActionMask = 2147483647;
			files = (
				D6C8FE5027624AC200BF2405 /* Preview Assets.xcassets in Resources */,
				D6C8FE4D27624AC200BF2405 /* Assets.xcassets in Resources */,
			);
			runOnlyForDeploymentPostprocessing = 0;
		};
		D6C8FE5327624AC200BF2405 /* Resources */ = {
			isa = PBXResourcesBuildPhase;
			buildActionMask = 2147483647;
			files = (
			);
			runOnlyForDeploymentPostprocessing = 0;
		};
		D6C8FE5D27624AC200BF2405 /* Resources */ = {
			isa = PBXResourcesBuildPhase;
			buildActionMask = 2147483647;
			files = (
			);
			runOnlyForDeploymentPostprocessing = 0;
		};
/* End PBXResourcesBuildPhase section */

/* Begin PBXSourcesBuildPhase section */
		D6C8FE4127624AC000BF2405 /* Sources */ = {
			isa = PBXSourcesBuildPhase;
			buildActionMask = 2147483647;
			files = (
				D646805A277289FC0027680B /* UpdateDetail.swift in Sources */,
				D6C8FE4B27624AC000BF2405 /* ContentView.swift in Sources */,
				D652332427694A7C00421E34 /* Home.swift in Sources */,
				D6468055277274990027680B /* UpdateList.swift in Sources */,
				D65233222769027F00421E34 /* MenuView.swift in Sources */,
				D6523326276A89C000421E34 /* HomeView.swift in Sources */,
				D6C8FE4927624AC000BF2405 /* DesginCodeApp.swift in Sources */,
			);
			runOnlyForDeploymentPostprocessing = 0;
		};
		D6C8FE5127624AC200BF2405 /* Sources */ = {
			isa = PBXSourcesBuildPhase;
			buildActionMask = 2147483647;
			files = (
				D6C8FE5A27624AC200BF2405 /* DesginCodeTests.swift in Sources */,
			);
			runOnlyForDeploymentPostprocessing = 0;
		};
		D6C8FE5B27624AC200BF2405 /* Sources */ = {
			isa = PBXSourcesBuildPhase;
			buildActionMask = 2147483647;
			files = (
				D6C8FE6427624AC200BF2405 /* DesginCodeUITests.swift in Sources */,
				D6C8FE6627624AC200BF2405 /* DesginCodeUITestsLaunchTests.swift in Sources */,
			);
			runOnlyForDeploymentPostprocessing = 0;
		};
/* End PBXSourcesBuildPhase section */

/* Begin PBXTargetDependency section */
		D6C8FE5727624AC200BF2405 /* PBXTargetDependency */ = {
			isa = PBXTargetDependency;
			target = D6C8FE4427624AC000BF2405 /* DesginCode */;
			targetProxy = D6C8FE5627624AC200BF2405 /* PBXContainerItemProxy */;
		};
		D6C8FE6127624AC200BF2405 /* PBXTargetDependency */ = {
			isa = PBXTargetDependency;
			target = D6C8FE4427624AC000BF2405 /* DesginCode */;
			targetProxy = D6C8FE6027624AC200BF2405 /* PBXContainerItemProxy */;
		};
/* End PBXTargetDependency section */

/* Begin XCBuildConfiguration section */
		D6C8FE6727624AC200BF2405 /* Debug */ = {
			isa = XCBuildConfiguration;
			buildSettings = {
				ALWAYS_SEARCH_USER_PATHS = NO;
				CLANG_ANALYZER_NONNULL = YES;
				CLANG_ANALYZER_NUMBER_OBJECT_CONVERSION = YES_AGGRESSIVE;
				CLANG_CXX_LANGUAGE_STANDARD = "gnu++17";
				CLANG_CXX_LIBRARY = "libc++";
				CLANG_ENABLE_MODULES = YES;
				CLANG_ENABLE_OBJC_ARC = YES;
				CLANG_ENABLE_OBJC_WEAK = YES;
				CLANG_WARN_BLOCK_CAPTURE_AUTORELEASING = YES;
				CLANG_WARN_BOOL_CONVERSION = YES;
				CLANG_WARN_COMMA = YES;
				CLANG_WARN_CONSTANT_CONVERSION = YES;
				CLANG_WARN_DEPRECATED_OBJC_IMPLEMENTATIONS = YES;
				CLANG_WARN_DIRECT_OBJC_ISA_USAGE = YES_ERROR;
				CLANG_WARN_DOCUMENTATION_COMMENTS = YES;
				CLANG_WARN_EMPTY_BODY = YES;
				CLANG_WARN_ENUM_CONVERSION = YES;
				CLANG_WARN_INFINITE_RECURSION = YES;
				CLANG_WARN_INT_CONVERSION = YES;
				CLANG_WARN_NON_LITERAL_NULL_CONVERSION = YES;
				CLANG_WARN_OBJC_IMPLICIT_RETAIN_SELF = YES;
				CLANG_WARN_OBJC_LITERAL_CONVERSION = YES;
				CLANG_WARN_OBJC_ROOT_CLASS = YES_ERROR;
				CLANG_WARN_QUOTED_INCLUDE_IN_FRAMEWORK_HEADER = YES;
				CLANG_WARN_RANGE_LOOP_ANALYSIS = YES;
				CLANG_WARN_STRICT_PROTOTYPES = YES;
				CLANG_WARN_SUSPICIOUS_MOVE = YES;
				CLANG_WARN_UNGUARDED_AVAILABILITY = YES_AGGRESSIVE;
				CLANG_WARN_UNREACHABLE_CODE = YES;
				CLANG_WARN__DUPLICATE_METHOD_MATCH = YES;
				COPY_PHASE_STRIP = NO;
				DEBUG_INFORMATION_FORMAT = dwarf;
				ENABLE_STRICT_OBJC_MSGSEND = YES;
				ENABLE_TESTABILITY = YES;
				GCC_C_LANGUAGE_STANDARD = gnu11;
				GCC_DYNAMIC_NO_PIC = NO;
				GCC_NO_COMMON_BLOCKS = YES;
				GCC_OPTIMIZATION_LEVEL = 0;
				GCC_PREPROCESSOR_DEFINITIONS = (
					"DEBUG=1",
					"$(inherited)",
				);
				GCC_WARN_64_TO_32_BIT_CONVERSION = YES;
				GCC_WARN_ABOUT_RETURN_TYPE = YES_ERROR;
				GCC_WARN_UNDECLARED_SELECTOR = YES;
				GCC_WARN_UNINITIALIZED_AUTOS = YES_AGGRESSIVE;
				GCC_WARN_UNUSED_FUNCTION = YES;
				GCC_WARN_UNUSED_VARIABLE = YES;
				IPHONEOS_DEPLOYMENT_TARGET = 15.0;
				MTL_ENABLE_DEBUG_INFO = INCLUDE_SOURCE;
				MTL_FAST_MATH = YES;
				ONLY_ACTIVE_ARCH = YES;
				SDKROOT = iphoneos;
				SWIFT_ACTIVE_COMPILATION_CONDITIONS = DEBUG;
				SWIFT_OPTIMIZATION_LEVEL = "-Onone";
			};
			name = Debug;
		};
		D6C8FE6827624AC200BF2405 /* Release */ = {
			isa = XCBuildConfiguration;
			buildSettings = {
				ALWAYS_SEARCH_USER_PATHS = NO;
				CLANG_ANALYZER_NONNULL = YES;
				CLANG_ANALYZER_NUMBER_OBJECT_CONVERSION = YES_AGGRESSIVE;
				CLANG_CXX_LANGUAGE_STANDARD = "gnu++17";
				CLANG_CXX_LIBRARY = "libc++";
				CLANG_ENABLE_MODULES = YES;
				CLANG_ENABLE_OBJC_ARC = YES;
				CLANG_ENABLE_OBJC_WEAK = YES;
				CLANG_WARN_BLOCK_CAPTURE_AUTORELEASING = YES;
				CLANG_WARN_BOOL_CONVERSION = YES;
				CLANG_WARN_COMMA = YES;
				CLANG_WARN_CONSTANT_CONVERSION = YES;
				CLANG_WARN_DEPRECATED_OBJC_IMPLEMENTATIONS = YES;
				CLANG_WARN_DIRECT_OBJC_ISA_USAGE = YES_ERROR;
				CLANG_WARN_DOCUMENTATION_COMMENTS = YES;
				CLANG_WARN_EMPTY_BODY = YES;
				CLANG_WARN_ENUM_CONVERSION = YES;
				CLANG_WARN_INFINITE_RECURSION = YES;
				CLANG_WARN_INT_CONVERSION = YES;
				CLANG_WARN_NON_LITERAL_NULL_CONVERSION = YES;
				CLANG_WARN_OBJC_IMPLICIT_RETAIN_SELF = YES;
				CLANG_WARN_OBJC_LITERAL_CONVERSION = YES;
				CLANG_WARN_OBJC_ROOT_CLASS = YES_ERROR;
				CLANG_WARN_QUOTED_INCLUDE_IN_FRAMEWORK_HEADER = YES;
				CLANG_WARN_RANGE_LOOP_ANALYSIS = YES;
				CLANG_WARN_STRICT_PROTOTYPES = YES;
				CLANG_WARN_SUSPICIOUS_MOVE = YES;
				CLANG_WARN_UNGUARDED_AVAILABILITY = YES_AGGRESSIVE;
				CLANG_WARN_UNREACHABLE_CODE = YES;
				CLANG_WARN__DUPLICATE_METHOD_MATCH = YES;
				COPY_PHASE_STRIP = NO;
				DEBUG_INFORMATION_FORMAT = "dwarf-with-dsym";
				ENABLE_NS_ASSERTIONS = NO;
				ENABLE_STRICT_OBJC_MSGSEND = YES;
				GCC_C_LANGUAGE_STANDARD = gnu11;
				GCC_NO_COMMON_BLOCKS = YES;
				GCC_WARN_64_TO_32_BIT_CONVERSION = YES;
				GCC_WARN_ABOUT_RETURN_TYPE = YES_ERROR;
				GCC_WARN_UNDECLARED_SELECTOR = YES;
				GCC_WARN_UNINITIALIZED_AUTOS = YES_AGGRESSIVE;
				GCC_WARN_UNUSED_FUNCTION = YES;
				GCC_WARN_UNUSED_VARIABLE = YES;
				IPHONEOS_DEPLOYMENT_TARGET = 15.0;
				MTL_ENABLE_DEBUG_INFO = NO;
				MTL_FAST_MATH = YES;
				SDKROOT = iphoneos;
				SWIFT_COMPILATION_MODE = wholemodule;
				SWIFT_OPTIMIZATION_LEVEL = "-O";
				VALIDATE_PRODUCT = YES;
			};
			name = Release;
		};
		D6C8FE6A27624AC200BF2405 /* Debug */ = {
			isa = XCBuildConfiguration;
			buildSettings = {
				ASSETCATALOG_COMPILER_APPICON_NAME = AppIcon;
				ASSETCATALOG_COMPILER_GLOBAL_ACCENT_COLOR_NAME = AccentColor;
				CODE_SIGN_STYLE = Automatic;
				CURRENT_PROJECT_VERSION = 1;
				DEVELOPMENT_ASSET_PATHS = "\"DesginCode/Preview Content\"";
				DEVELOPMENT_TEAM = 42TTKQGWH8;
				ENABLE_PREVIEWS = YES;
				GENERATE_INFOPLIST_FILE = YES;
				INFOPLIST_KEY_UIApplicationSceneManifest_Generation = YES;
				INFOPLIST_KEY_UIApplicationSupportsIndirectInputEvents = YES;
				INFOPLIST_KEY_UILaunchScreen_Generation = YES;
				INFOPLIST_KEY_UISupportedInterfaceOrientations_iPad = "UIInterfaceOrientationPortrait UIInterfaceOrientationPortraitUpsideDown UIInterfaceOrientationLandscapeLeft UIInterfaceOrientationLandscapeRight";
				INFOPLIST_KEY_UISupportedInterfaceOrientations_iPhone = "UIInterfaceOrientationPortrait UIInterfaceOrientationLandscapeLeft UIInterfaceOrientationLandscapeRight";
				IPHONEOS_DEPLOYMENT_TARGET = 15.0;
				LD_RUNPATH_SEARCH_PATHS = (
					"$(inherited)",
					"@executable_path/Frameworks",
				);
				MARKETING_VERSION = 1.0;
				PRODUCT_BUNDLE_IDENTIFIER = com.nekormm.DesginCode;
				PRODUCT_NAME = "$(TARGET_NAME)";
				SWIFT_EMIT_LOC_STRINGS = YES;
				SWIFT_VERSION = 5.0;
				TARGETED_DEVICE_FAMILY = 1;
			};
			name = Debug;
		};
		D6C8FE6B27624AC200BF2405 /* Release */ = {
			isa = XCBuildConfiguration;
			buildSettings = {
				ASSETCATALOG_COMPILER_APPICON_NAME = AppIcon;
				ASSETCATALOG_COMPILER_GLOBAL_ACCENT_COLOR_NAME = AccentColor;
				CODE_SIGN_STYLE = Automatic;
				CURRENT_PROJECT_VERSION = 1;
				DEVELOPMENT_ASSET_PATHS = "\"DesginCode/Preview Content\"";
				DEVELOPMENT_TEAM = 42TTKQGWH8;
				ENABLE_PREVIEWS = YES;
				GENERATE_INFOPLIST_FILE = YES;
				INFOPLIST_KEY_UIApplicationSceneManifest_Generation = YES;
				INFOPLIST_KEY_UIApplicationSupportsIndirectInputEvents = YES;
				INFOPLIST_KEY_UILaunchScreen_Generation = YES;
				INFOPLIST_KEY_UISupportedInterfaceOrientations_iPad = "UIInterfaceOrientationPortrait UIInterfaceOrientationPortraitUpsideDown UIInterfaceOrientationLandscapeLeft UIInterfaceOrientationLandscapeRight";
				INFOPLIST_KEY_UISupportedInterfaceOrientations_iPhone = "UIInterfaceOrientationPortrait UIInterfaceOrientationLandscapeLeft UIInterfaceOrientationLandscapeRight";
				IPHONEOS_DEPLOYMENT_TARGET = 15.0;
				LD_RUNPATH_SEARCH_PATHS = (
					"$(inherited)",
					"@executable_path/Frameworks",
				);
				MARKETING_VERSION = 1.0;
				PRODUCT_BUNDLE_IDENTIFIER = com.nekormm.DesginCode;
				PRODUCT_NAME = "$(TARGET_NAME)";
				SWIFT_EMIT_LOC_STRINGS = YES;
				SWIFT_VERSION = 5.0;
				TARGETED_DEVICE_FAMILY = 1;
			};
			name = Release;
		};
		D6C8FE6D27624AC200BF2405 /* Debug */ = {
			isa = XCBuildConfiguration;
			buildSettings = {
				ALWAYS_EMBED_SWIFT_STANDARD_LIBRARIES = YES;
				BUNDLE_LOADER = "$(TEST_HOST)";
				CODE_SIGN_STYLE = Automatic;
				CURRENT_PROJECT_VERSION = 1;
				GENERATE_INFOPLIST_FILE = YES;
				IPHONEOS_DEPLOYMENT_TARGET = 15.0;
				LD_RUNPATH_SEARCH_PATHS = (
					"$(inherited)",
					"@executable_path/Frameworks",
					"@loader_path/Frameworks",
				);
				MARKETING_VERSION = 1.0;
				PRODUCT_BUNDLE_IDENTIFIER = com.nekormm.DesginCodeTests;
				PRODUCT_NAME = "$(TARGET_NAME)";
				SWIFT_EMIT_LOC_STRINGS = NO;
				SWIFT_VERSION = 5.0;
				TARGETED_DEVICE_FAMILY = "1,2";
				TEST_HOST = "$(BUILT_PRODUCTS_DIR)/DesginCode.app/DesginCode";
			};
			name = Debug;
		};
		D6C8FE6E27624AC200BF2405 /* Release */ = {
			isa = XCBuildConfiguration;
			buildSettings = {
				ALWAYS_EMBED_SWIFT_STANDARD_LIBRARIES = YES;
				BUNDLE_LOADER = "$(TEST_HOST)";
				CODE_SIGN_STYLE = Automatic;
				CURRENT_PROJECT_VERSION = 1;
				GENERATE_INFOPLIST_FILE = YES;
				IPHONEOS_DEPLOYMENT_TARGET = 15.0;
				LD_RUNPATH_SEARCH_PATHS = (
					"$(inherited)",
					"@executable_path/Frameworks",
					"@loader_path/Frameworks",
				);
				MARKETING_VERSION = 1.0;
				PRODUCT_BUNDLE_IDENTIFIER = com.nekormm.DesginCodeTests;
				PRODUCT_NAME = "$(TARGET_NAME)";
				SWIFT_EMIT_LOC_STRINGS = NO;
				SWIFT_VERSION = 5.0;
				TARGETED_DEVICE_FAMILY = "1,2";
				TEST_HOST = "$(BUILT_PRODUCTS_DIR)/DesginCode.app/DesginCode";
			};
			name = Release;
		};
		D6C8FE7027624AC200BF2405 /* Debug */ = {
			isa = XCBuildConfiguration;
			buildSettings = {
				ALWAYS_EMBED_SWIFT_STANDARD_LIBRARIES = YES;
				"CODE_SIGN_IDENTITY[sdk=macosx*]" = "Apple Development";
				CODE_SIGN_STYLE = Automatic;
				CURRENT_PROJECT_VERSION = 1;
				DEVELOPMENT_TEAM = 42TTKQGWH8;
				GENERATE_INFOPLIST_FILE = YES;
				LD_RUNPATH_SEARCH_PATHS = (
					"$(inherited)",
					"@executable_path/Frameworks",
					"@loader_path/Frameworks",
				);
				MARKETING_VERSION = 1.0;
				PRODUCT_BUNDLE_IDENTIFIER = com.nekormm.DesginCodeUITests;
				PRODUCT_NAME = "$(TARGET_NAME)";
				SWIFT_EMIT_LOC_STRINGS = NO;
				SWIFT_VERSION = 5.0;
				TARGETED_DEVICE_FAMILY = "1,2";
				TEST_TARGET_NAME = DesginCode;
			};
			name = Debug;
		};
		D6C8FE7127624AC200BF2405 /* Release */ = {
			isa = XCBuildConfiguration;
			buildSettings = {
				ALWAYS_EMBED_SWIFT_STANDARD_LIBRARIES = YES;
				"CODE_SIGN_IDENTITY[sdk=macosx*]" = "Apple Development";
				CODE_SIGN_STYLE = Automatic;
				CURRENT_PROJECT_VERSION = 1;
				DEVELOPMENT_TEAM = 42TTKQGWH8;
				GENERATE_INFOPLIST_FILE = YES;
				LD_RUNPATH_SEARCH_PATHS = (
					"$(inherited)",
					"@executable_path/Frameworks",
					"@loader_path/Frameworks",
				);
				MARKETING_VERSION = 1.0;
				PRODUCT_BUNDLE_IDENTIFIER = com.nekormm.DesginCodeUITests;
				PRODUCT_NAME = "$(TARGET_NAME)";
				SWIFT_EMIT_LOC_STRINGS = NO;
				SWIFT_VERSION = 5.0;
				TARGETED_DEVICE_FAMILY = "1,2";
				TEST_TARGET_NAME = DesginCode;
			};
			name = Release;
		};
/* End XCBuildConfiguration section */

/* Begin XCConfigurationList section */
		D6C8FE4027624AC000BF2405 /* Build configuration list for PBXProject "DesginCode" */ = {
			isa = XCConfigurationList;
			buildConfigurations = (
				D6C8FE6727624AC200BF2405 /* Debug */,
				D6C8FE6827624AC200BF2405 /* Release */,
			);
			defaultConfigurationIsVisible = 0;
			defaultConfigurationName = Release;
		};
		D6C8FE6927624AC200BF2405 /* Build configuration list for PBXNativeTarget "DesginCode" */ = {
			isa = XCConfigurationList;
			buildConfigurations = (
				D6C8FE6A27624AC200BF2405 /* Debug */,
				D6C8FE6B27624AC200BF2405 /* Release */,
			);
			defaultConfigurationIsVisible = 0;
			defaultConfigurationName = Release;
		};
		D6C8FE6C27624AC200BF2405 /* Build configuration list for PBXNativeTarget "DesginCodeTests" */ = {
			isa = XCConfigurationList;
			buildConfigurations = (
				D6C8FE6D27624AC200BF2405 /* Debug */,
				D6C8FE6E27624AC200BF2405 /* Release */,
			);
			defaultConfigurationIsVisible = 0;
			defaultConfigurationName = Release;
		};
		D6C8FE6F27624AC200BF2405 /* Build configuration list for PBXNativeTarget "DesginCodeUITests" */ = {
			isa = XCConfigurationList;
			buildConfigurations = (
				D6C8FE7027624AC200BF2405 /* Debug */,
				D6C8FE7127624AC200BF2405 /* Release */,
			);
			defaultConfigurationIsVisible = 0;
			defaultConfigurationName = Release;
		};
/* End XCConfigurationList section */
	};
	rootObject = D6C8FE3D27624AC000BF2405 /* Project object */;
}
